// !$*UTF8*$!
{
	archiveVersion = 1;
	classes = {
	};
	objectVersion = 55;
	objects = {

/* Begin PBXBuildFile section */
		4CA602C42DC319FEA8F5B8C9 /* Pods_Weatherly.framework in Frameworks */ = {isa = PBXBuildFile; fileRef = 18280ECDE336FBA88D5DB1DB /* Pods_Weatherly.framework */; };
		655BD2C52873D9C90033EE5F /* Constants.swift in Sources */ = {isa = PBXBuildFile; fileRef = 655BD2C42873D9C90033EE5F /* Constants.swift */; };
		655BD2C928740C940033EE5F /* WeatherForecast.swift in Sources */ = {isa = PBXBuildFile; fileRef = 655BD2C828740C940033EE5F /* WeatherForecast.swift */; };
		84088D4E2860F9FE00B3942C /* stormy.json in Resources */ = {isa = PBXBuildFile; fileRef = 84088D462860F9FD00B3942C /* stormy.json */; };
		84088D4F2860F9FE00B3942C /* cloudy.json in Resources */ = {isa = PBXBuildFile; fileRef = 84088D472860F9FD00B3942C /* cloudy.json */; };
		84088D502860F9FE00B3942C /* sunny.json in Resources */ = {isa = PBXBuildFile; fileRef = 84088D482860F9FD00B3942C /* sunny.json */; };
		84088D512860F9FE00B3942C /* thunder.json in Resources */ = {isa = PBXBuildFile; fileRef = 84088D492860F9FD00B3942C /* thunder.json */; };
		84088D522860F9FE00B3942C /* windy.json in Resources */ = {isa = PBXBuildFile; fileRef = 84088D4A2860F9FD00B3942C /* windy.json */; };
		84088D532860F9FE00B3942C /* light_snow.json in Resources */ = {isa = PBXBuildFile; fileRef = 84088D4B2860F9FE00B3942C /* light_snow.json */; };
		84088D542860F9FE00B3942C /* partly_cloudy.json in Resources */ = {isa = PBXBuildFile; fileRef = 84088D4C2860F9FE00B3942C /* partly_cloudy.json */; };
		84088D552860F9FE00B3942C /* heavy_rain.json in Resources */ = {isa = PBXBuildFile; fileRef = 84088D4D2860F9FE00B3942C /* heavy_rain.json */; };
		84088D572861126000B3942C /* APIManager.swift in Sources */ = {isa = PBXBuildFile; fileRef = 84088D562861126000B3942C /* APIManager.swift */; };
		84088D5A286119BE00B3942C /* Location.swift in Sources */ = {isa = PBXBuildFile; fileRef = 84088D59286119BE00B3942C /* Location.swift */; };
		84088D5E28618BFC00B3942C /* CurrentWeather.swift in Sources */ = {isa = PBXBuildFile; fileRef = 84088D5D28618BFC00B3942C /* CurrentWeather.swift */; };
		846B6ECE2867B20600CEAB82 /* WeatherCell.swift in Sources */ = {isa = PBXBuildFile; fileRef = 846B6ECD2867B20600CEAB82 /* WeatherCell.swift */; };
		849CC38928605E0400697534 /* AppDelegate.swift in Sources */ = {isa = PBXBuildFile; fileRef = 849CC38828605E0400697534 /* AppDelegate.swift */; };
		849CC38B28605E0400697534 /* SceneDelegate.swift in Sources */ = {isa = PBXBuildFile; fileRef = 849CC38A28605E0400697534 /* SceneDelegate.swift */; };
		849CC38D28605E0400697534 /* WeatherViewController.swift in Sources */ = {isa = PBXBuildFile; fileRef = 849CC38C28605E0400697534 /* WeatherViewController.swift */; };
		849CC39028605E0400697534 /* Main.storyboard in Resources */ = {isa = PBXBuildFile; fileRef = 849CC38E28605E0400697534 /* Main.storyboard */; };
		849CC39228605E0E00697534 /* Assets.xcassets in Resources */ = {isa = PBXBuildFile; fileRef = 849CC39128605E0E00697534 /* Assets.xcassets */; };
		849CC39528605E0E00697534 /* LaunchScreen.storyboard in Resources */ = {isa = PBXBuildFile; fileRef = 849CC39328605E0E00697534 /* LaunchScreen.storyboard */; };
/* End PBXBuildFile section */

/* Begin PBXFileReference section */
		18280ECDE336FBA88D5DB1DB /* Pods_Weatherly.framework */ = {isa = PBXFileReference; explicitFileType = wrapper.framework; includeInIndex = 0; path = Pods_Weatherly.framework; sourceTree = BUILT_PRODUCTS_DIR; };
		3B4184F94FC55367165ACA10 /* Pods-Weatherly.debug.xcconfig */ = {isa = PBXFileReference; includeInIndex = 1; lastKnownFileType = text.xcconfig; name = "Pods-Weatherly.debug.xcconfig"; path = "Target Support Files/Pods-Weatherly/Pods-Weatherly.debug.xcconfig"; sourceTree = "<group>"; };
		655BD2C42873D9C90033EE5F /* Constants.swift */ = {isa = PBXFileReference; lastKnownFileType = sourcecode.swift; path = Constants.swift; sourceTree = "<group>"; };
		655BD2C828740C940033EE5F /* WeatherForecast.swift */ = {isa = PBXFileReference; lastKnownFileType = sourcecode.swift; path = WeatherForecast.swift; sourceTree = "<group>"; };
		84088D462860F9FD00B3942C /* stormy.json */ = {isa = PBXFileReference; fileEncoding = 4; lastKnownFileType = text.json; path = stormy.json; sourceTree = "<group>"; };
		84088D472860F9FD00B3942C /* cloudy.json */ = {isa = PBXFileReference; fileEncoding = 4; lastKnownFileType = text.json; path = cloudy.json; sourceTree = "<group>"; };
		84088D482860F9FD00B3942C /* sunny.json */ = {isa = PBXFileReference; fileEncoding = 4; lastKnownFileType = text.json; path = sunny.json; sourceTree = "<group>"; };
		84088D492860F9FD00B3942C /* thunder.json */ = {isa = PBXFileReference; fileEncoding = 4; lastKnownFileType = text.json; path = thunder.json; sourceTree = "<group>"; };
		84088D4A2860F9FD00B3942C /* windy.json */ = {isa = PBXFileReference; fileEncoding = 4; lastKnownFileType = text.json; path = windy.json; sourceTree = "<group>"; };
		84088D4B2860F9FE00B3942C /* light_snow.json */ = {isa = PBXFileReference; fileEncoding = 4; lastKnownFileType = text.json; path = light_snow.json; sourceTree = "<group>"; };
		84088D4C2860F9FE00B3942C /* partly_cloudy.json */ = {isa = PBXFileReference; fileEncoding = 4; lastKnownFileType = text.json; path = partly_cloudy.json; sourceTree = "<group>"; };
		84088D4D2860F9FE00B3942C /* heavy_rain.json */ = {isa = PBXFileReference; fileEncoding = 4; lastKnownFileType = text.json; path = heavy_rain.json; sourceTree = "<group>"; };
		84088D562861126000B3942C /* APIManager.swift */ = {isa = PBXFileReference; lastKnownFileType = sourcecode.swift; path = APIManager.swift; sourceTree = "<group>"; };
		84088D59286119BE00B3942C /* Location.swift */ = {isa = PBXFileReference; lastKnownFileType = sourcecode.swift; path = Location.swift; sourceTree = "<group>"; };
		84088D5D28618BFC00B3942C /* CurrentWeather.swift */ = {isa = PBXFileReference; lastKnownFileType = sourcecode.swift; path = CurrentWeather.swift; sourceTree = "<group>"; };
		846B6ECD2867B20600CEAB82 /* WeatherCell.swift */ = {isa = PBXFileReference; lastKnownFileType = sourcecode.swift; path = WeatherCell.swift; sourceTree = "<group>"; };
		849CC38528605E0400697534 /* Weatherly.app */ = {isa = PBXFileReference; explicitFileType = wrapper.application; includeInIndex = 0; path = Weatherly.app; sourceTree = BUILT_PRODUCTS_DIR; };
		849CC38828605E0400697534 /* AppDelegate.swift */ = {isa = PBXFileReference; lastKnownFileType = sourcecode.swift; path = AppDelegate.swift; sourceTree = "<group>"; };
		849CC38A28605E0400697534 /* SceneDelegate.swift */ = {isa = PBXFileReference; lastKnownFileType = sourcecode.swift; path = SceneDelegate.swift; sourceTree = "<group>"; };
		849CC38C28605E0400697534 /* WeatherViewController.swift */ = {isa = PBXFileReference; lastKnownFileType = sourcecode.swift; path = WeatherViewController.swift; sourceTree = "<group>"; };
		849CC38F28605E0400697534 /* Base */ = {isa = PBXFileReference; lastKnownFileType = file.storyboard; name = Base; path = Base.lproj/Main.storyboard; sourceTree = "<group>"; };
		849CC39128605E0E00697534 /* Assets.xcassets */ = {isa = PBXFileReference; lastKnownFileType = folder.assetcatalog; path = Assets.xcassets; sourceTree = "<group>"; };
		849CC39428605E0E00697534 /* Base */ = {isa = PBXFileReference; lastKnownFileType = file.storyboard; name = Base; path = Base.lproj/LaunchScreen.storyboard; sourceTree = "<group>"; };
		849CC39628605E0E00697534 /* Info.plist */ = {isa = PBXFileReference; lastKnownFileType = text.plist.xml; path = Info.plist; sourceTree = "<group>"; };
		8D5CC3FC3951084E31829A63 /* Pods-Weatherly.release.xcconfig */ = {isa = PBXFileReference; includeInIndex = 1; lastKnownFileType = text.xcconfig; name = "Pods-Weatherly.release.xcconfig"; path = "Target Support Files/Pods-Weatherly/Pods-Weatherly.release.xcconfig"; sourceTree = "<group>"; };
/* End PBXFileReference section */

/* Begin PBXFrameworksBuildPhase section */
		849CC38228605E0400697534 /* Frameworks */ = {
			isa = PBXFrameworksBuildPhase;
			buildActionMask = 2147483647;
			files = (
				4CA602C42DC319FEA8F5B8C9 /* Pods_Weatherly.framework in Frameworks */,
			);
			runOnlyForDeploymentPostprocessing = 0;
		};
/* End PBXFrameworksBuildPhase section */

/* Begin PBXGroup section */
		494B4320B69DAC761A7586C3 /* Frameworks */ = {
			isa = PBXGroup;
			children = (
				18280ECDE336FBA88D5DB1DB /* Pods_Weatherly.framework */,
			);
			name = Frameworks;
			sourceTree = "<group>";
		};
		655BD2C72873FBB40033EE5F /* Cells */ = {
			isa = PBXGroup;
			children = (
				846B6ECD2867B20600CEAB82 /* WeatherCell.swift */,
			);
			path = Cells;
			sourceTree = "<group>";
		};
		84088D452860F2BA00B3942C /* Lotties */ = {
			isa = PBXGroup;
			children = (
				84088D472860F9FD00B3942C /* cloudy.json */,
				84088D4D2860F9FE00B3942C /* heavy_rain.json */,
				84088D4B2860F9FE00B3942C /* light_snow.json */,
				84088D4C2860F9FE00B3942C /* partly_cloudy.json */,
				84088D462860F9FD00B3942C /* stormy.json */,
				84088D482860F9FD00B3942C /* sunny.json */,
				84088D492860F9FD00B3942C /* thunder.json */,
				84088D4A2860F9FD00B3942C /* windy.json */,
			);
			path = Lotties;
			sourceTree = "<group>";
		};
		84088D582861199D00B3942C /* Model */ = {
			isa = PBXGroup;
			children = (
				84088D5D28618BFC00B3942C /* CurrentWeather.swift */,
				655BD2C828740C940033EE5F /* WeatherForecast.swift */,
				84088D59286119BE00B3942C /* Location.swift */,
				84088D562861126000B3942C /* APIManager.swift */,
			);
			path = Model;
			sourceTree = "<group>";
		};
		846B6ECC2867B1DB00CEAB82 /* View */ = {
			isa = PBXGroup;
			children = (
				655BD2C72873FBB40033EE5F /* Cells */,
			);
			path = View;
			sourceTree = "<group>";
		};
		849CC37C28605E0400697534 = {
			isa = PBXGroup;
			children = (
				849CC38728605E0400697534 /* Weatherly */,
				849CC38628605E0400697534 /* Products */,
				8B63B24D5B19903A95B4ECD2 /* Pods */,
				494B4320B69DAC761A7586C3 /* Frameworks */,
			);
			sourceTree = "<group>";
		};
		849CC38628605E0400697534 /* Products */ = {
			isa = PBXGroup;
			children = (
				849CC38528605E0400697534 /* Weatherly.app */,
			);
			name = Products;
			sourceTree = "<group>";
		};
		849CC38728605E0400697534 /* Weatherly */ = {
			isa = PBXGroup;
			children = (
				849CC38828605E0400697534 /* AppDelegate.swift */,
				849CC38A28605E0400697534 /* SceneDelegate.swift */,
				849CC38E28605E0400697534 /* Main.storyboard */,
				849CC39128605E0E00697534 /* Assets.xcassets */,
				849CC39328605E0E00697534 /* LaunchScreen.storyboard */,
				849CC39628605E0E00697534 /* Info.plist */,
				655BD2C42873D9C90033EE5F /* Constants.swift */,
				84088D452860F2BA00B3942C /* Lotties */,
				846B6ECC2867B1DB00CEAB82 /* View */,
				84088D582861199D00B3942C /* Model */,
				84DB761A2860F043009A9DFB /* Controllers */,
			);
			path = Weatherly;
			sourceTree = "<group>";
		};
		84DB761A2860F043009A9DFB /* Controllers */ = {
			isa = PBXGroup;
			children = (
				849CC38C28605E0400697534 /* WeatherViewController.swift */,
			);
			path = Controllers;
			sourceTree = "<group>";
		};
		8B63B24D5B19903A95B4ECD2 /* Pods */ = {
			isa = PBXGroup;
			children = (
				3B4184F94FC55367165ACA10 /* Pods-Weatherly.debug.xcconfig */,
				8D5CC3FC3951084E31829A63 /* Pods-Weatherly.release.xcconfig */,
			);
			path = Pods;
			sourceTree = "<group>";
		};
/* End PBXGroup section */

/* Begin PBXNativeTarget section */
		849CC38428605E0400697534 /* Weatherly */ = {
			isa = PBXNativeTarget;
			buildConfigurationList = 849CC39928605E0E00697534 /* Build configuration list for PBXNativeTarget "Weatherly" */;
			buildPhases = (
				1E87F153A2A41CA434A0F0FB /* [CP] Check Pods Manifest.lock */,
				849CC38128605E0400697534 /* Sources */,
				849CC38228605E0400697534 /* Frameworks */,
				849CC38328605E0400697534 /* Resources */,
				64B9469C6B17004FB2913472 /* [CP] Embed Pods Frameworks */,
			);
			buildRules = (
			);
			dependencies = (
			);
			name = Weatherly;
			productName = Weatherly;
			productReference = 849CC38528605E0400697534 /* Weatherly.app */;
			productType = "com.apple.product-type.application";
		};
/* End PBXNativeTarget section */

/* Begin PBXProject section */
		849CC37D28605E0400697534 /* Project object */ = {
			isa = PBXProject;
			attributes = {
				BuildIndependentTargetsInParallel = 1;
				LastSwiftUpdateCheck = 1320;
				LastUpgradeCheck = 1320;
				TargetAttributes = {
					849CC38428605E0400697534 = {
						CreatedOnToolsVersion = 13.2.1;
					};
				};
			};
			buildConfigurationList = 849CC38028605E0400697534 /* Build configuration list for PBXProject "Weatherly" */;
			compatibilityVersion = "Xcode 13.0";
			developmentRegion = en;
			hasScannedForEncodings = 0;
			knownRegions = (
				en,
				Base,
			);
			mainGroup = 849CC37C28605E0400697534;
			productRefGroup = 849CC38628605E0400697534 /* Products */;
			projectDirPath = "";
			projectRoot = "";
			targets = (
				849CC38428605E0400697534 /* Weatherly */,
			);
		};
/* End PBXProject section */

/* Begin PBXResourcesBuildPhase section */
		849CC38328605E0400697534 /* Resources */ = {
			isa = PBXResourcesBuildPhase;
			buildActionMask = 2147483647;
			files = (
				849CC39528605E0E00697534 /* LaunchScreen.storyboard in Resources */,
				84088D502860F9FE00B3942C /* sunny.json in Resources */,
				84088D4F2860F9FE00B3942C /* cloudy.json in Resources */,
				84088D512860F9FE00B3942C /* thunder.json in Resources */,
				84088D552860F9FE00B3942C /* heavy_rain.json in Resources */,
				84088D4E2860F9FE00B3942C /* stormy.json in Resources */,
				84088D542860F9FE00B3942C /* partly_cloudy.json in Resources */,
				84088D522860F9FE00B3942C /* windy.json in Resources */,
				84088D532860F9FE00B3942C /* light_snow.json in Resources */,
				849CC39228605E0E00697534 /* Assets.xcassets in Resources */,
				849CC39028605E0400697534 /* Main.storyboard in Resources */,
			);
			runOnlyForDeploymentPostprocessing = 0;
		};
/* End PBXResourcesBuildPhase section */

/* Begin PBXShellScriptBuildPhase section */
		1E87F153A2A41CA434A0F0FB /* [CP] Check Pods Manifest.lock */ = {
			isa = PBXShellScriptBuildPhase;
			buildActionMask = 2147483647;
			files = (
			);
			inputFileListPaths = (
			);
			inputPaths = (
				"${PODS_PODFILE_DIR_PATH}/Podfile.lock",
				"${PODS_ROOT}/Manifest.lock",
			);
			name = "[CP] Check Pods Manifest.lock";
			outputFileListPaths = (
			);
			outputPaths = (
				"$(DERIVED_FILE_DIR)/Pods-Weatherly-checkManifestLockResult.txt",
			);
			runOnlyForDeploymentPostprocessing = 0;
			shellPath = /bin/sh;
			shellScript = "diff \"${PODS_PODFILE_DIR_PATH}/Podfile.lock\" \"${PODS_ROOT}/Manifest.lock\" > /dev/null\nif [ $? != 0 ] ; then\n    # print error to STDERR\n    echo \"error: The sandbox is not in sync with the Podfile.lock. Run 'pod install' or update your CocoaPods installation.\" >&2\n    exit 1\nfi\n# This output is used by Xcode 'outputs' to avoid re-running this script phase.\necho \"SUCCESS\" > \"${SCRIPT_OUTPUT_FILE_0}\"\n";
			showEnvVarsInLog = 0;
		};
		64B9469C6B17004FB2913472 /* [CP] Embed Pods Frameworks */ = {
			isa = PBXShellScriptBuildPhase;
			buildActionMask = 2147483647;
			files = (
			);
			inputFileListPaths = (
				"${PODS_ROOT}/Target Support Files/Pods-Weatherly/Pods-Weatherly-frameworks-${CONFIGURATION}-input-files.xcfilelist",
			);
			name = "[CP] Embed Pods Frameworks";
			outputFileListPaths = (
				"${PODS_ROOT}/Target Support Files/Pods-Weatherly/Pods-Weatherly-frameworks-${CONFIGURATION}-output-files.xcfilelist",
			);
			runOnlyForDeploymentPostprocessing = 0;
			shellPath = /bin/sh;
			shellScript = "\"${PODS_ROOT}/Target Support Files/Pods-Weatherly/Pods-Weatherly-frameworks.sh\"\n";
			showEnvVarsInLog = 0;
		};
/* End PBXShellScriptBuildPhase section */

/* Begin PBXSourcesBuildPhase section */
		849CC38128605E0400697534 /* Sources */ = {
			isa = PBXSourcesBuildPhase;
			buildActionMask = 2147483647;
			files = (
				655BD2C928740C940033EE5F /* WeatherForecast.swift in Sources */,
				84088D572861126000B3942C /* APIManager.swift in Sources */,
				849CC38D28605E0400697534 /* WeatherViewController.swift in Sources */,
				84088D5A286119BE00B3942C /* Location.swift in Sources */,
				849CC38928605E0400697534 /* AppDelegate.swift in Sources */,
				84088D5E28618BFC00B3942C /* CurrentWeather.swift in Sources */,
				849CC38B28605E0400697534 /* SceneDelegate.swift in Sources */,
				846B6ECE2867B20600CEAB82 /* WeatherCell.swift in Sources */,
				655BD2C52873D9C90033EE5F /* Constants.swift in Sources */,
			);
			runOnlyForDeploymentPostprocessing = 0;
		};
/* End PBXSourcesBuildPhase section */

/* Begin PBXVariantGroup section */
		849CC38E28605E0400697534 /* Main.storyboard */ = {
			isa = PBXVariantGroup;
			children = (
				849CC38F28605E0400697534 /* Base */,
			);
			name = Main.storyboard;
			sourceTree = "<group>";
		};
		849CC39328605E0E00697534 /* LaunchScreen.storyboard */ = {
			isa = PBXVariantGroup;
			children = (
				849CC39428605E0E00697534 /* Base */,
			);
			name = LaunchScreen.storyboard;
			sourceTree = "<group>";
		};
/* End PBXVariantGroup section */

/* Begin XCBuildConfiguration section */
		849CC39728605E0E00697534 /* Debug */ = {
			isa = XCBuildConfiguration;
			buildSettings = {
				ALWAYS_SEARCH_USER_PATHS = NO;
				CLANG_ANALYZER_NONNULL = YES;
				CLANG_ANALYZER_NUMBER_OBJECT_CONVERSION = YES_AGGRESSIVE;
				CLANG_CXX_LANGUAGE_STANDARD = "gnu++17";
				CLANG_CXX_LIBRARY = "libc++";
				CLANG_ENABLE_MODULES = YES;
				CLANG_ENABLE_OBJC_ARC = YES;
				CLANG_ENABLE_OBJC_WEAK = YES;
				CLANG_WARN_BLOCK_CAPTURE_AUTORELEASING = YES;
				CLANG_WARN_BOOL_CONVERSION = YES;
				CLANG_WARN_COMMA = YES;
				CLANG_WARN_CONSTANT_CONVERSION = YES;
				CLANG_WARN_DEPRECATED_OBJC_IMPLEMENTATIONS = YES;
				CLANG_WARN_DIRECT_OBJC_ISA_USAGE = YES_ERROR;
				CLANG_WARN_DOCUMENTATION_COMMENTS = YES;
				CLANG_WARN_EMPTY_BODY = YES;
				CLANG_WARN_ENUM_CONVERSION = YES;
				CLANG_WARN_INFINITE_RECURSION = YES;
				CLANG_WARN_INT_CONVERSION = YES;
				CLANG_WARN_NON_LITERAL_NULL_CONVERSION = YES;
				CLANG_WARN_OBJC_IMPLICIT_RETAIN_SELF = YES;
				CLANG_WARN_OBJC_LITERAL_CONVERSION = YES;
				CLANG_WARN_OBJC_ROOT_CLASS = YES_ERROR;
				CLANG_WARN_QUOTED_INCLUDE_IN_FRAMEWORK_HEADER = YES;
				CLANG_WARN_RANGE_LOOP_ANALYSIS = YES;
				CLANG_WARN_STRICT_PROTOTYPES = YES;
				CLANG_WARN_SUSPICIOUS_MOVE = YES;
				CLANG_WARN_UNGUARDED_AVAILABILITY = YES_AGGRESSIVE;
				CLANG_WARN_UNREACHABLE_CODE = YES;
				CLANG_WARN__DUPLICATE_METHOD_MATCH = YES;
				COPY_PHASE_STRIP = NO;
				DEBUG_INFORMATION_FORMAT = dwarf;
				ENABLE_STRICT_OBJC_MSGSEND = YES;
				ENABLE_TESTABILITY = YES;
				GCC_C_LANGUAGE_STANDARD = gnu11;
				GCC_DYNAMIC_NO_PIC = NO;
				GCC_NO_COMMON_BLOCKS = YES;
				GCC_OPTIMIZATION_LEVEL = 0;
				GCC_PREPROCESSOR_DEFINITIONS = (
					"DEBUG=1",
					"$(inherited)",
				);
				GCC_WARN_64_TO_32_BIT_CONVERSION = YES;
				GCC_WARN_ABOUT_RETURN_TYPE = YES_ERROR;
				GCC_WARN_UNDECLARED_SELECTOR = YES;
				GCC_WARN_UNINITIALIZED_AUTOS = YES_AGGRESSIVE;
				GCC_WARN_UNUSED_FUNCTION = YES;
				GCC_WARN_UNUSED_VARIABLE = YES;
				IPHONEOS_DEPLOYMENT_TARGET = 15.2;
				MTL_ENABLE_DEBUG_INFO = INCLUDE_SOURCE;
				MTL_FAST_MATH = YES;
				ONLY_ACTIVE_ARCH = YES;
				SDKROOT = iphoneos;
				SWIFT_ACTIVE_COMPILATION_CONDITIONS = DEBUG;
				SWIFT_OPTIMIZATION_LEVEL = "-Onone";
			};
			name = Debug;
		};
		849CC39828605E0E00697534 /* Release */ = {
			isa = XCBuildConfiguration;
			buildSettings = {
				ALWAYS_SEARCH_USER_PATHS = NO;
				CLANG_ANALYZER_NONNULL = YES;
				CLANG_ANALYZER_NUMBER_OBJECT_CONVERSION = YES_AGGRESSIVE;
				CLANG_CXX_LANGUAGE_STANDARD = "gnu++17";
				CLANG_CXX_LIBRARY = "libc++";
				CLANG_ENABLE_MODULES = YES;
				CLANG_ENABLE_OBJC_ARC = YES;
				CLANG_ENABLE_OBJC_WEAK = YES;
				CLANG_WARN_BLOCK_CAPTURE_AUTORELEASING = YES;
				CLANG_WARN_BOOL_CONVERSION = YES;
				CLANG_WARN_COMMA = YES;
				CLANG_WARN_CONSTANT_CONVERSION = YES;
				CLANG_WARN_DEPRECATED_OBJC_IMPLEMENTATIONS = YES;
				CLANG_WARN_DIRECT_OBJC_ISA_USAGE = YES_ERROR;
				CLANG_WARN_DOCUMENTATION_COMMENTS = YES;
				CLANG_WARN_EMPTY_BODY = YES;
				CLANG_WARN_ENUM_CONVERSION = YES;
				CLANG_WARN_INFINITE_RECURSION = YES;
				CLANG_WARN_INT_CONVERSION = YES;
				CLANG_WARN_NON_LITERAL_NULL_CONVERSION = YES;
				CLANG_WARN_OBJC_IMPLICIT_RETAIN_SELF = YES;
				CLANG_WARN_OBJC_LITERAL_CONVERSION = YES;
				CLANG_WARN_OBJC_ROOT_CLASS = YES_ERROR;
				CLANG_WARN_QUOTED_INCLUDE_IN_FRAMEWORK_HEADER = YES;
				CLANG_WARN_RANGE_LOOP_ANALYSIS = YES;
				CLANG_WARN_STRICT_PROTOTYPES = YES;
				CLANG_WARN_SUSPICIOUS_MOVE = YES;
				CLANG_WARN_UNGUARDED_AVAILABILITY = YES_AGGRESSIVE;
				CLANG_WARN_UNREACHABLE_CODE = YES;
				CLANG_WARN__DUPLICATE_METHOD_MATCH = YES;
				COPY_PHASE_STRIP = NO;
				DEBUG_INFORMATION_FORMAT = "dwarf-with-dsym";
				ENABLE_NS_ASSERTIONS = NO;
				ENABLE_STRICT_OBJC_MSGSEND = YES;
				GCC_C_LANGUAGE_STANDARD = gnu11;
				GCC_NO_COMMON_BLOCKS = YES;
				GCC_WARN_64_TO_32_BIT_CONVERSION = YES;
				GCC_WARN_ABOUT_RETURN_TYPE = YES_ERROR;
				GCC_WARN_UNDECLARED_SELECTOR = YES;
				GCC_WARN_UNINITIALIZED_AUTOS = YES_AGGRESSIVE;
				GCC_WARN_UNUSED_FUNCTION = YES;
				GCC_WARN_UNUSED_VARIABLE = YES;
				IPHONEOS_DEPLOYMENT_TARGET = 15.2;
				MTL_ENABLE_DEBUG_INFO = NO;
				MTL_FAST_MATH = YES;
				SDKROOT = iphoneos;
				SWIFT_COMPILATION_MODE = wholemodule;
				SWIFT_OPTIMIZATION_LEVEL = "-O";
				VALIDATE_PRODUCT = YES;
			};
			name = Release;
		};
		849CC39A28605E0E00697534 /* Debug */ = {
			isa = XCBuildConfiguration;
			baseConfigurationReference = 3B4184F94FC55367165ACA10 /* Pods-Weatherly.debug.xcconfig */;
			buildSettings = {
				ASSETCATALOG_COMPILER_APPICON_NAME = AppIcon;
				ASSETCATALOG_COMPILER_GLOBAL_ACCENT_COLOR_NAME = AccentColor;
				CODE_SIGN_STYLE = Automatic;
				CURRENT_PROJECT_VERSION = 1;
				DEVELOPMENT_TEAM = BBNB69K57G;
				GENERATE_INFOPLIST_FILE = YES;
				INFOPLIST_FILE = Weatherly/Info.plist;
				INFOPLIST_KEY_UIApplicationSupportsIndirectInputEvents = YES;
				INFOPLIST_KEY_UILaunchStoryboardName = LaunchScreen;
				INFOPLIST_KEY_UIMainStoryboardFile = Main;
				INFOPLIST_KEY_UISupportedInterfaceOrientations_iPad = "UIInterfaceOrientationPortrait UIInterfaceOrientationPortraitUpsideDown UIInterfaceOrientationLandscapeLeft UIInterfaceOrientationLandscapeRight";
				INFOPLIST_KEY_UISupportedInterfaceOrientations_iPhone = "UIInterfaceOrientationPortrait UIInterfaceOrientationLandscapeLeft UIInterfaceOrientationLandscapeRight";
				LD_RUNPATH_SEARCH_PATHS = (
					"$(inherited)",
					"@executable_path/Frameworks",
				);
				MARKETING_VERSION = 1.0;
				PRODUCT_BUNDLE_IDENTIFIER = com.codepath.Weatherly;
				PRODUCT_NAME = "$(TARGET_NAME)";
				SWIFT_EMIT_LOC_STRINGS = YES;
				SWIFT_VERSION = 5.0;
				TARGETED_DEVICE_FAMILY = "1,2";
			};
			name = Debug;
		};
		849CC39B28605E0E00697534 /* Release */ = {
			isa = XCBuildConfiguration;
			baseConfigurationReference = 8D5CC3FC3951084E31829A63 /* Pods-Weatherly.release.xcconfig */;
			buildSettings = {
				ASSETCATALOG_COMPILER_APPICON_NAME = AppIcon;
				ASSETCATALOG_COMPILER_GLOBAL_ACCENT_COLOR_NAME = AccentColor;
				CODE_SIGN_STYLE = Automatic;
				CURRENT_PROJECT_VERSION = 1;
				DEVELOPMENT_TEAM = BBNB69K57G;
				GENERATE_INFOPLIST_FILE = YES;
				INFOPLIST_FILE = Weatherly/Info.plist;
				INFOPLIST_KEY_UIApplicationSupportsIndirectInputEvents = YES;
				INFOPLIST_KEY_UILaunchStoryboardName = LaunchScreen;
				INFOPLIST_KEY_UIMainStoryboardFile = Main;
				INFOPLIST_KEY_UISupportedInterfaceOrientations_iPad = "UIInterfaceOrientationPortrait UIInterfaceOrientationPortraitUpsideDown UIInterfaceOrientationLandscapeLeft UIInterfaceOrientationLandscapeRight";
				INFOPLIST_KEY_UISupportedInterfaceOrientations_iPhone = "UIInterfaceOrientationPortrait UIInterfaceOrientationLandscapeLeft UIInterfaceOrientationLandscapeRight";
				LD_RUNPATH_SEARCH_PATHS = (
					"$(inherited)",
					"@executable_path/Frameworks",
				);
				MARKETING_VERSION = 1.0;
				PRODUCT_BUNDLE_IDENTIFIER = com.codepath.Weatherly;
				PRODUCT_NAME = "$(TARGET_NAME)";
				SWIFT_EMIT_LOC_STRINGS = YES;
				SWIFT_VERSION = 5.0;
				TARGETED_DEVICE_FAMILY = "1,2";
			};
			name = Release;
		};
/* End XCBuildConfiguration section */

/* Begin XCConfigurationList section */
		849CC38028605E0400697534 /* Build configuration list for PBXProject "Weatherly" */ = {
			isa = XCConfigurationList;
			buildConfigurations = (
				849CC39728605E0E00697534 /* Debug */,
				849CC39828605E0E00697534 /* Release */,
			);
			defaultConfigurationIsVisible = 0;
			defaultConfigurationName = Release;
		};
		849CC39928605E0E00697534 /* Build configuration list for PBXNativeTarget "Weatherly" */ = {
			isa = XCConfigurationList;
			buildConfigurations = (
				849CC39A28605E0E00697534 /* Debug */,
				849CC39B28605E0E00697534 /* Release */,
			);
			defaultConfigurationIsVisible = 0;
			defaultConfigurationName = Release;
		};
/* End XCConfigurationList section */
	};
	rootObject = 849CC37D28605E0400697534 /* Project object */;
}
