// !$*UTF8*$!
{
	archiveVersion = 1;
	classes = {
	};
	objectVersion = 55;
	objects = {

/* Begin PBXBuildFile section */
		655BD2C52873D9C90033EE5F /* Constants.swift in Sources */ = {isa = PBXBuildFile; fileRef = 655BD2C42873D9C90033EE5F /* Constants.swift */; };
		655BD2C928740C940033EE5F /* WeatherForecast.swift in Sources */ = {isa = PBXBuildFile; fileRef = 655BD2C828740C940033EE5F /* WeatherForecast.swift */; };
		655BD2CD2874184B0033EE5F /* WeatherManager.swift in Sources */ = {isa = PBXBuildFile; fileRef = 655BD2CC2874184B0033EE5F /* WeatherManager.swift */; };
		655BD2CF287419420033EE5F /* Network.swift in Sources */ = {isa = PBXBuildFile; fileRef = 655BD2CE287419420033EE5F /* Network.swift */; };
		655BD2D12874194E0033EE5F /* NetworkError.swift in Sources */ = {isa = PBXBuildFile; fileRef = 655BD2D02874194E0033EE5F /* NetworkError.swift */; };
		655BD2E7287C63210033EE5F /* Lottie in Frameworks */ = {isa = PBXBuildFile; productRef = 655BD2E6287C63210033EE5F /* Lottie */; };
		655BD2F02880172B0033EE5F /* Nuke in Frameworks */ = {isa = PBXBuildFile; productRef = 655BD2EF2880172B0033EE5F /* Nuke */; };
		655BD31E288027710033EE5F /* nBrokenClouds.json in Resources */ = {isa = PBXBuildFile; fileRef = 655BD30F288027700033EE5F /* nBrokenClouds.json */; };
		655BD31F288027710033EE5F /* dThunderstorm.json in Resources */ = {isa = PBXBuildFile; fileRef = 655BD310288027700033EE5F /* dThunderstorm.json */; };
		655BD320288027710033EE5F /* nShowerRain.json in Resources */ = {isa = PBXBuildFile; fileRef = 655BD311288027700033EE5F /* nShowerRain.json */; };
		655BD321288027710033EE5F /* nThunderstorm.json in Resources */ = {isa = PBXBuildFile; fileRef = 655BD312288027700033EE5F /* nThunderstorm.json */; };
		655BD322288027710033EE5F /* nMist.json in Resources */ = {isa = PBXBuildFile; fileRef = 655BD313288027700033EE5F /* nMist.json */; };
		655BD323288027710033EE5F /* dMist.json in Resources */ = {isa = PBXBuildFile; fileRef = 655BD314288027700033EE5F /* dMist.json */; };
		655BD324288027710033EE5F /* dRain.json in Resources */ = {isa = PBXBuildFile; fileRef = 655BD315288027700033EE5F /* dRain.json */; };
		655BD325288027710033EE5F /* dClearSky.json in Resources */ = {isa = PBXBuildFile; fileRef = 655BD316288027700033EE5F /* dClearSky.json */; };
		655BD326288027710033EE5F /* dShowerRain.json in Resources */ = {isa = PBXBuildFile; fileRef = 655BD317288027700033EE5F /* dShowerRain.json */; };
		655BD327288027710033EE5F /* dScatteredClouds.json in Resources */ = {isa = PBXBuildFile; fileRef = 655BD318288027710033EE5F /* dScatteredClouds.json */; };
		655BD328288027710033EE5F /* dFewClouds.json in Resources */ = {isa = PBXBuildFile; fileRef = 655BD319288027710033EE5F /* dFewClouds.json */; };
		655BD329288027710033EE5F /* dBrokenClouds.json in Resources */ = {isa = PBXBuildFile; fileRef = 655BD31A288027710033EE5F /* dBrokenClouds.json */; };
		655BD32A288027710033EE5F /* nClearSky.json in Resources */ = {isa = PBXBuildFile; fileRef = 655BD31B288027710033EE5F /* nClearSky.json */; };
		655BD32B288027710033EE5F /* dSnow.json in Resources */ = {isa = PBXBuildFile; fileRef = 655BD31C288027710033EE5F /* dSnow.json */; };
		655BD32C288027710033EE5F /* nSnow.json in Resources */ = {isa = PBXBuildFile; fileRef = 655BD31D288027710033EE5F /* nSnow.json */; };
		659767D9288570D900CD8285 /* RoundedCornerView.swift in Sources */ = {isa = PBXBuildFile; fileRef = 659767D8288570D900CD8285 /* RoundedCornerView.swift */; };
		84088D572861126000B3942C /* APIManager.swift in Sources */ = {isa = PBXBuildFile; fileRef = 84088D562861126000B3942C /* APIManager.swift */; };
		84088D5A286119BE00B3942C /* Location.swift in Sources */ = {isa = PBXBuildFile; fileRef = 84088D59286119BE00B3942C /* Location.swift */; };
		84088D5E28618BFC00B3942C /* CurrentWeather.swift in Sources */ = {isa = PBXBuildFile; fileRef = 84088D5D28618BFC00B3942C /* CurrentWeather.swift */; };
		849CC38928605E0400697534 /* AppDelegate.swift in Sources */ = {isa = PBXBuildFile; fileRef = 849CC38828605E0400697534 /* AppDelegate.swift */; };
		849CC38B28605E0400697534 /* SceneDelegate.swift in Sources */ = {isa = PBXBuildFile; fileRef = 849CC38A28605E0400697534 /* SceneDelegate.swift */; };
		849CC38D28605E0400697534 /* WeatherViewController.swift in Sources */ = {isa = PBXBuildFile; fileRef = 849CC38C28605E0400697534 /* WeatherViewController.swift */; };
		849CC39028605E0400697534 /* Main.storyboard in Resources */ = {isa = PBXBuildFile; fileRef = 849CC38E28605E0400697534 /* Main.storyboard */; };
		849CC39228605E0E00697534 /* Assets.xcassets in Resources */ = {isa = PBXBuildFile; fileRef = 849CC39128605E0E00697534 /* Assets.xcassets */; };
		849CC39528605E0E00697534 /* LaunchScreen.storyboard in Resources */ = {isa = PBXBuildFile; fileRef = 849CC39328605E0E00697534 /* LaunchScreen.storyboard */; };
/* End PBXBuildFile section */

/* Begin PBXFileReference section */
		655BD2C42873D9C90033EE5F /* Constants.swift */ = {isa = PBXFileReference; lastKnownFileType = sourcecode.swift; path = Constants.swift; sourceTree = "<group>"; };
		655BD2C828740C940033EE5F /* WeatherForecast.swift */ = {isa = PBXFileReference; lastKnownFileType = sourcecode.swift; path = WeatherForecast.swift; sourceTree = "<group>"; };
		655BD2CC2874184B0033EE5F /* WeatherManager.swift */ = {isa = PBXFileReference; lastKnownFileType = sourcecode.swift; path = WeatherManager.swift; sourceTree = "<group>"; };
		655BD2CE287419420033EE5F /* Network.swift */ = {isa = PBXFileReference; lastKnownFileType = sourcecode.swift; path = Network.swift; sourceTree = "<group>"; };
		655BD2D02874194E0033EE5F /* NetworkError.swift */ = {isa = PBXFileReference; lastKnownFileType = sourcecode.swift; path = NetworkError.swift; sourceTree = "<group>"; };
		655BD30F288027700033EE5F /* nBrokenClouds.json */ = {isa = PBXFileReference; fileEncoding = 4; lastKnownFileType = text.json; path = nBrokenClouds.json; sourceTree = "<group>"; };
		655BD310288027700033EE5F /* dThunderstorm.json */ = {isa = PBXFileReference; fileEncoding = 4; lastKnownFileType = text.json; path = dThunderstorm.json; sourceTree = "<group>"; };
		655BD311288027700033EE5F /* nShowerRain.json */ = {isa = PBXFileReference; fileEncoding = 4; lastKnownFileType = text.json; path = nShowerRain.json; sourceTree = "<group>"; };
		655BD312288027700033EE5F /* nThunderstorm.json */ = {isa = PBXFileReference; fileEncoding = 4; lastKnownFileType = text.json; path = nThunderstorm.json; sourceTree = "<group>"; };
		655BD313288027700033EE5F /* nMist.json */ = {isa = PBXFileReference; fileEncoding = 4; lastKnownFileType = text.json; path = nMist.json; sourceTree = "<group>"; };
		655BD314288027700033EE5F /* dMist.json */ = {isa = PBXFileReference; fileEncoding = 4; lastKnownFileType = text.json; path = dMist.json; sourceTree = "<group>"; };
		655BD315288027700033EE5F /* dRain.json */ = {isa = PBXFileReference; fileEncoding = 4; lastKnownFileType = text.json; path = dRain.json; sourceTree = "<group>"; };
		655BD316288027700033EE5F /* dClearSky.json */ = {isa = PBXFileReference; fileEncoding = 4; lastKnownFileType = text.json; path = dClearSky.json; sourceTree = "<group>"; };
		655BD317288027700033EE5F /* dShowerRain.json */ = {isa = PBXFileReference; fileEncoding = 4; lastKnownFileType = text.json; path = dShowerRain.json; sourceTree = "<group>"; };
		655BD318288027710033EE5F /* dScatteredClouds.json */ = {isa = PBXFileReference; fileEncoding = 4; lastKnownFileType = text.json; path = dScatteredClouds.json; sourceTree = "<group>"; };
		655BD319288027710033EE5F /* dFewClouds.json */ = {isa = PBXFileReference; fileEncoding = 4; lastKnownFileType = text.json; path = dFewClouds.json; sourceTree = "<group>"; };
		655BD31A288027710033EE5F /* dBrokenClouds.json */ = {isa = PBXFileReference; fileEncoding = 4; lastKnownFileType = text.json; path = dBrokenClouds.json; sourceTree = "<group>"; };
		655BD31B288027710033EE5F /* nClearSky.json */ = {isa = PBXFileReference; fileEncoding = 4; lastKnownFileType = text.json; path = nClearSky.json; sourceTree = "<group>"; };
		655BD31C288027710033EE5F /* dSnow.json */ = {isa = PBXFileReference; fileEncoding = 4; lastKnownFileType = text.json; path = dSnow.json; sourceTree = "<group>"; };
		655BD31D288027710033EE5F /* nSnow.json */ = {isa = PBXFileReference; fileEncoding = 4; lastKnownFileType = text.json; path = nSnow.json; sourceTree = "<group>"; };
		659767D8288570D900CD8285 /* RoundedCornerView.swift */ = {isa = PBXFileReference; lastKnownFileType = sourcecode.swift; path = RoundedCornerView.swift; sourceTree = "<group>"; };
		84088D562861126000B3942C /* APIManager.swift */ = {isa = PBXFileReference; lastKnownFileType = sourcecode.swift; path = APIManager.swift; sourceTree = "<group>"; };
		84088D59286119BE00B3942C /* Location.swift */ = {isa = PBXFileReference; lastKnownFileType = sourcecode.swift; path = Location.swift; sourceTree = "<group>"; };
		84088D5D28618BFC00B3942C /* CurrentWeather.swift */ = {isa = PBXFileReference; lastKnownFileType = sourcecode.swift; path = CurrentWeather.swift; sourceTree = "<group>"; };
		849CC38528605E0400697534 /* Weatherly.app */ = {isa = PBXFileReference; explicitFileType = wrapper.application; includeInIndex = 0; path = Weatherly.app; sourceTree = BUILT_PRODUCTS_DIR; };
		849CC38828605E0400697534 /* AppDelegate.swift */ = {isa = PBXFileReference; lastKnownFileType = sourcecode.swift; path = AppDelegate.swift; sourceTree = "<group>"; };
		849CC38A28605E0400697534 /* SceneDelegate.swift */ = {isa = PBXFileReference; lastKnownFileType = sourcecode.swift; path = SceneDelegate.swift; sourceTree = "<group>"; };
		849CC38C28605E0400697534 /* WeatherViewController.swift */ = {isa = PBXFileReference; lastKnownFileType = sourcecode.swift; path = WeatherViewController.swift; sourceTree = "<group>"; };
		849CC38F28605E0400697534 /* Base */ = {isa = PBXFileReference; lastKnownFileType = file.storyboard; name = Base; path = Base.lproj/Main.storyboard; sourceTree = "<group>"; };
		849CC39128605E0E00697534 /* Assets.xcassets */ = {isa = PBXFileReference; lastKnownFileType = folder.assetcatalog; path = Assets.xcassets; sourceTree = "<group>"; };
		849CC39428605E0E00697534 /* Base */ = {isa = PBXFileReference; lastKnownFileType = file.storyboard; name = Base; path = Base.lproj/LaunchScreen.storyboard; sourceTree = "<group>"; };
		849CC39628605E0E00697534 /* Info.plist */ = {isa = PBXFileReference; lastKnownFileType = text.plist.xml; path = Info.plist; sourceTree = "<group>"; };
/* End PBXFileReference section */

/* Begin PBXFrameworksBuildPhase section */
		849CC38228605E0400697534 /* Frameworks */ = {
			isa = PBXFrameworksBuildPhase;
			buildActionMask = 2147483647;
			files = (
				655BD2E7287C63210033EE5F /* Lottie in Frameworks */,
				655BD2F02880172B0033EE5F /* Nuke in Frameworks */,
			);
			runOnlyForDeploymentPostprocessing = 0;
		};
/* End PBXFrameworksBuildPhase section */

/* Begin PBXGroup section */
		659767DA2885820100CD8285 /* Resources */ = {
			isa = PBXGroup;
			children = (
				84088D452860F2BA00B3942C /* Lotties */,
				849CC38E28605E0400697534 /* Main.storyboard */,
				849CC39128605E0E00697534 /* Assets.xcassets */,
				849CC39328605E0E00697534 /* LaunchScreen.storyboard */,
				849CC39628605E0E00697534 /* Info.plist */,
			);
			path = Resources;
			sourceTree = "<group>";
		};
		84088D452860F2BA00B3942C /* Lotties */ = {
			isa = PBXGroup;
			children = (
				655BD31A288027710033EE5F /* dBrokenClouds.json */,
				655BD316288027700033EE5F /* dClearSky.json */,
				655BD319288027710033EE5F /* dFewClouds.json */,
				655BD314288027700033EE5F /* dMist.json */,
				655BD315288027700033EE5F /* dRain.json */,
				655BD318288027710033EE5F /* dScatteredClouds.json */,
				655BD317288027700033EE5F /* dShowerRain.json */,
				655BD31C288027710033EE5F /* dSnow.json */,
				655BD310288027700033EE5F /* dThunderstorm.json */,
				655BD30F288027700033EE5F /* nBrokenClouds.json */,
				655BD31B288027710033EE5F /* nClearSky.json */,
				655BD313288027700033EE5F /* nMist.json */,
				655BD311288027700033EE5F /* nShowerRain.json */,
				655BD31D288027710033EE5F /* nSnow.json */,
				655BD312288027700033EE5F /* nThunderstorm.json */,
			);
			path = Lotties;
			sourceTree = "<group>";
		};
		84088D582861199D00B3942C /* Model */ = {
			isa = PBXGroup;
			children = (
				84088D5D28618BFC00B3942C /* CurrentWeather.swift */,
				655BD2C828740C940033EE5F /* WeatherForecast.swift */,
				655BD2CC2874184B0033EE5F /* WeatherManager.swift */,
				84088D59286119BE00B3942C /* Location.swift */,
				84088D562861126000B3942C /* APIManager.swift */,
				655BD2CE287419420033EE5F /* Network.swift */,
				655BD2D02874194E0033EE5F /* NetworkError.swift */,
			);
			path = Model;
			sourceTree = "<group>";
		};
		846B6ECC2867B1DB00CEAB82 /* View */ = {
			isa = PBXGroup;
			children = (
				659767D8288570D900CD8285 /* RoundedCornerView.swift */,
			);
			path = View;
			sourceTree = "<group>";
		};
		849CC37C28605E0400697534 = {
			isa = PBXGroup;
			children = (
				849CC38728605E0400697534 /* Weatherly */,
				849CC38628605E0400697534 /* Products */,
			);
			sourceTree = "<group>";
		};
		849CC38628605E0400697534 /* Products */ = {
			isa = PBXGroup;
			children = (
				849CC38528605E0400697534 /* Weatherly.app */,
			);
			name = Products;
			sourceTree = "<group>";
		};
		849CC38728605E0400697534 /* Weatherly */ = {
			isa = PBXGroup;
			children = (
				849CC38828605E0400697534 /* AppDelegate.swift */,
				849CC38A28605E0400697534 /* SceneDelegate.swift */,
				655BD2C42873D9C90033EE5F /* Constants.swift */,
				846B6ECC2867B1DB00CEAB82 /* View */,
				84088D582861199D00B3942C /* Model */,
				84DB761A2860F043009A9DFB /* Controller */,
				659767DA2885820100CD8285 /* Resources */,
			);
			path = Weatherly;
			sourceTree = "<group>";
		};
		84DB761A2860F043009A9DFB /* Controller */ = {
			isa = PBXGroup;
			children = (
				849CC38C28605E0400697534 /* WeatherViewController.swift */,
			);
			path = Controller;
			sourceTree = "<group>";
		};
/* End PBXGroup section */

/* Begin PBXNativeTarget section */
		849CC38428605E0400697534 /* Weatherly */ = {
			isa = PBXNativeTarget;
			buildConfigurationList = 849CC39928605E0E00697534 /* Build configuration list for PBXNativeTarget "Weatherly" */;
			buildPhases = (
				849CC38128605E0400697534 /* Sources */,
				849CC38228605E0400697534 /* Frameworks */,
				849CC38328605E0400697534 /* Resources */,
			);
			buildRules = (
			);
			dependencies = (
			);
			name = Weatherly;
			packageProductDependencies = (
				655BD2E6287C63210033EE5F /* Lottie */,
				655BD2EF2880172B0033EE5F /* Nuke */,
			);
			productName = Weatherly;
			productReference = 849CC38528605E0400697534 /* Weatherly.app */;
			productType = "com.apple.product-type.application";
		};
/* End PBXNativeTarget section */

/* Begin PBXProject section */
		849CC37D28605E0400697534 /* Project object */ = {
			isa = PBXProject;
			attributes = {
				BuildIndependentTargetsInParallel = 1;
				LastSwiftUpdateCheck = 1320;
				LastUpgradeCheck = 1320;
				TargetAttributes = {
					849CC38428605E0400697534 = {
						CreatedOnToolsVersion = 13.2.1;
					};
				};
			};
			buildConfigurationList = 849CC38028605E0400697534 /* Build configuration list for PBXProject "Weatherly" */;
			compatibilityVersion = "Xcode 13.0";
			developmentRegion = en;
			hasScannedForEncodings = 0;
			knownRegions = (
				en,
				Base,
			);
			mainGroup = 849CC37C28605E0400697534;
			packageReferences = (
				655BD2E5287C63210033EE5F /* XCRemoteSwiftPackageReference "lottie-ios" */,
				655BD2EE2880172B0033EE5F /* XCRemoteSwiftPackageReference "Nuke" */,
			);
			productRefGroup = 849CC38628605E0400697534 /* Products */;
			projectDirPath = "";
			projectRoot = "";
			targets = (
				849CC38428605E0400697534 /* Weatherly */,
			);
		};
/* End PBXProject section */

/* Begin PBXResourcesBuildPhase section */
		849CC38328605E0400697534 /* Resources */ = {
			isa = PBXResourcesBuildPhase;
			buildActionMask = 2147483647;
			files = (
				655BD321288027710033EE5F /* nThunderstorm.json in Resources */,
				849CC39528605E0E00697534 /* LaunchScreen.storyboard in Resources */,
				655BD32A288027710033EE5F /* nClearSky.json in Resources */,
				849CC39228605E0E00697534 /* Assets.xcassets in Resources */,
				655BD32B288027710033EE5F /* dSnow.json in Resources */,
				849CC39028605E0400697534 /* Main.storyboard in Resources */,
				655BD324288027710033EE5F /* dRain.json in Resources */,
				655BD327288027710033EE5F /* dScatteredClouds.json in Resources */,
				655BD325288027710033EE5F /* dClearSky.json in Resources */,
				655BD323288027710033EE5F /* dMist.json in Resources */,
				655BD31E288027710033EE5F /* nBrokenClouds.json in Resources */,
				655BD328288027710033EE5F /* dFewClouds.json in Resources */,
				655BD329288027710033EE5F /* dBrokenClouds.json in Resources */,
				655BD322288027710033EE5F /* nMist.json in Resources */,
				655BD320288027710033EE5F /* nShowerRain.json in Resources */,
				655BD32C288027710033EE5F /* nSnow.json in Resources */,
				655BD326288027710033EE5F /* dShowerRain.json in Resources */,
				655BD31F288027710033EE5F /* dThunderstorm.json in Resources */,
			);
			runOnlyForDeploymentPostprocessing = 0;
		};
/* End PBXResourcesBuildPhase section */

/* Begin PBXSourcesBuildPhase section */
		849CC38128605E0400697534 /* Sources */ = {
			isa = PBXSourcesBuildPhase;
			buildActionMask = 2147483647;
			files = (
				655BD2C928740C940033EE5F /* WeatherForecast.swift in Sources */,
				84088D572861126000B3942C /* APIManager.swift in Sources */,
				655BD2CD2874184B0033EE5F /* WeatherManager.swift in Sources */,
				849CC38D28605E0400697534 /* WeatherViewController.swift in Sources */,
				84088D5A286119BE00B3942C /* Location.swift in Sources */,
				659767D9288570D900CD8285 /* RoundedCornerView.swift in Sources */,
				655BD2CF287419420033EE5F /* Network.swift in Sources */,
				849CC38928605E0400697534 /* AppDelegate.swift in Sources */,
				84088D5E28618BFC00B3942C /* CurrentWeather.swift in Sources */,
				849CC38B28605E0400697534 /* SceneDelegate.swift in Sources */,
				655BD2D12874194E0033EE5F /* NetworkError.swift in Sources */,
				655BD2C52873D9C90033EE5F /* Constants.swift in Sources */,
			);
			runOnlyForDeploymentPostprocessing = 0;
		};
/* End PBXSourcesBuildPhase section */

/* Begin PBXVariantGroup section */
		849CC38E28605E0400697534 /* Main.storyboard */ = {
			isa = PBXVariantGroup;
			children = (
				849CC38F28605E0400697534 /* Base */,
			);
			name = Main.storyboard;
			sourceTree = "<group>";
		};
		849CC39328605E0E00697534 /* LaunchScreen.storyboard */ = {
			isa = PBXVariantGroup;
			children = (
				849CC39428605E0E00697534 /* Base */,
			);
			name = LaunchScreen.storyboard;
			sourceTree = "<group>";
		};
/* End PBXVariantGroup section */

/* Begin XCBuildConfiguration section */
		849CC39728605E0E00697534 /* Debug */ = {
			isa = XCBuildConfiguration;
			buildSettings = {
				ALWAYS_SEARCH_USER_PATHS = NO;
				CLANG_ANALYZER_NONNULL = YES;
				CLANG_ANALYZER_NUMBER_OBJECT_CONVERSION = YES_AGGRESSIVE;
				CLANG_CXX_LANGUAGE_STANDARD = "gnu++17";
				CLANG_CXX_LIBRARY = "libc++";
				CLANG_ENABLE_MODULES = YES;
				CLANG_ENABLE_OBJC_ARC = YES;
				CLANG_ENABLE_OBJC_WEAK = YES;
				CLANG_WARN_BLOCK_CAPTURE_AUTORELEASING = YES;
				CLANG_WARN_BOOL_CONVERSION = YES;
				CLANG_WARN_COMMA = YES;
				CLANG_WARN_CONSTANT_CONVERSION = YES;
				CLANG_WARN_DEPRECATED_OBJC_IMPLEMENTATIONS = YES;
				CLANG_WARN_DIRECT_OBJC_ISA_USAGE = YES_ERROR;
				CLANG_WARN_DOCUMENTATION_COMMENTS = YES;
				CLANG_WARN_EMPTY_BODY = YES;
				CLANG_WARN_ENUM_CONVERSION = YES;
				CLANG_WARN_INFINITE_RECURSION = YES;
				CLANG_WARN_INT_CONVERSION = YES;
				CLANG_WARN_NON_LITERAL_NULL_CONVERSION = YES;
				CLANG_WARN_OBJC_IMPLICIT_RETAIN_SELF = YES;
				CLANG_WARN_OBJC_LITERAL_CONVERSION = YES;
				CLANG_WARN_OBJC_ROOT_CLASS = YES_ERROR;
				CLANG_WARN_QUOTED_INCLUDE_IN_FRAMEWORK_HEADER = YES;
				CLANG_WARN_RANGE_LOOP_ANALYSIS = YES;
				CLANG_WARN_STRICT_PROTOTYPES = YES;
				CLANG_WARN_SUSPICIOUS_MOVE = YES;
				CLANG_WARN_UNGUARDED_AVAILABILITY = YES_AGGRESSIVE;
				CLANG_WARN_UNREACHABLE_CODE = YES;
				CLANG_WARN__DUPLICATE_METHOD_MATCH = YES;
				COPY_PHASE_STRIP = NO;
				DEBUG_INFORMATION_FORMAT = dwarf;
				ENABLE_STRICT_OBJC_MSGSEND = YES;
				ENABLE_TESTABILITY = YES;
				GCC_C_LANGUAGE_STANDARD = gnu11;
				GCC_DYNAMIC_NO_PIC = NO;
				GCC_NO_COMMON_BLOCKS = YES;
				GCC_OPTIMIZATION_LEVEL = 0;
				GCC_PREPROCESSOR_DEFINITIONS = (
					"DEBUG=1",
					"$(inherited)",
				);
				GCC_WARN_64_TO_32_BIT_CONVERSION = YES;
				GCC_WARN_ABOUT_RETURN_TYPE = YES_ERROR;
				GCC_WARN_UNDECLARED_SELECTOR = YES;
				GCC_WARN_UNINITIALIZED_AUTOS = YES_AGGRESSIVE;
				GCC_WARN_UNUSED_FUNCTION = YES;
				GCC_WARN_UNUSED_VARIABLE = YES;
				IPHONEOS_DEPLOYMENT_TARGET = 15.2;
				MTL_ENABLE_DEBUG_INFO = INCLUDE_SOURCE;
				MTL_FAST_MATH = YES;
				ONLY_ACTIVE_ARCH = YES;
				SDKROOT = iphoneos;
				SWIFT_ACTIVE_COMPILATION_CONDITIONS = DEBUG;
				SWIFT_OPTIMIZATION_LEVEL = "-Onone";
			};
			name = Debug;
		};
		849CC39828605E0E00697534 /* Release */ = {
			isa = XCBuildConfiguration;
			buildSettings = {
				ALWAYS_SEARCH_USER_PATHS = NO;
				CLANG_ANALYZER_NONNULL = YES;
				CLANG_ANALYZER_NUMBER_OBJECT_CONVERSION = YES_AGGRESSIVE;
				CLANG_CXX_LANGUAGE_STANDARD = "gnu++17";
				CLANG_CXX_LIBRARY = "libc++";
				CLANG_ENABLE_MODULES = YES;
				CLANG_ENABLE_OBJC_ARC = YES;
				CLANG_ENABLE_OBJC_WEAK = YES;
				CLANG_WARN_BLOCK_CAPTURE_AUTORELEASING = YES;
				CLANG_WARN_BOOL_CONVERSION = YES;
				CLANG_WARN_COMMA = YES;
				CLANG_WARN_CONSTANT_CONVERSION = YES;
				CLANG_WARN_DEPRECATED_OBJC_IMPLEMENTATIONS = YES;
				CLANG_WARN_DIRECT_OBJC_ISA_USAGE = YES_ERROR;
				CLANG_WARN_DOCUMENTATION_COMMENTS = YES;
				CLANG_WARN_EMPTY_BODY = YES;
				CLANG_WARN_ENUM_CONVERSION = YES;
				CLANG_WARN_INFINITE_RECURSION = YES;
				CLANG_WARN_INT_CONVERSION = YES;
				CLANG_WARN_NON_LITERAL_NULL_CONVERSION = YES;
				CLANG_WARN_OBJC_IMPLICIT_RETAIN_SELF = YES;
				CLANG_WARN_OBJC_LITERAL_CONVERSION = YES;
				CLANG_WARN_OBJC_ROOT_CLASS = YES_ERROR;
				CLANG_WARN_QUOTED_INCLUDE_IN_FRAMEWORK_HEADER = YES;
				CLANG_WARN_RANGE_LOOP_ANALYSIS = YES;
				CLANG_WARN_STRICT_PROTOTYPES = YES;
				CLANG_WARN_SUSPICIOUS_MOVE = YES;
				CLANG_WARN_UNGUARDED_AVAILABILITY = YES_AGGRESSIVE;
				CLANG_WARN_UNREACHABLE_CODE = YES;
				CLANG_WARN__DUPLICATE_METHOD_MATCH = YES;
				COPY_PHASE_STRIP = NO;
				DEBUG_INFORMATION_FORMAT = "dwarf-with-dsym";
				ENABLE_NS_ASSERTIONS = NO;
				ENABLE_STRICT_OBJC_MSGSEND = YES;
				GCC_C_LANGUAGE_STANDARD = gnu11;
				GCC_NO_COMMON_BLOCKS = YES;
				GCC_WARN_64_TO_32_BIT_CONVERSION = YES;
				GCC_WARN_ABOUT_RETURN_TYPE = YES_ERROR;
				GCC_WARN_UNDECLARED_SELECTOR = YES;
				GCC_WARN_UNINITIALIZED_AUTOS = YES_AGGRESSIVE;
				GCC_WARN_UNUSED_FUNCTION = YES;
				GCC_WARN_UNUSED_VARIABLE = YES;
				IPHONEOS_DEPLOYMENT_TARGET = 15.2;
				MTL_ENABLE_DEBUG_INFO = NO;
				MTL_FAST_MATH = YES;
				SDKROOT = iphoneos;
				SWIFT_COMPILATION_MODE = wholemodule;
				SWIFT_OPTIMIZATION_LEVEL = "-O";
				VALIDATE_PRODUCT = YES;
			};
			name = Release;
		};
		849CC39A28605E0E00697534 /* Debug */ = {
			isa = XCBuildConfiguration;
			buildSettings = {
				ASSETCATALOG_COMPILER_APPICON_NAME = AppIcon;
				ASSETCATALOG_COMPILER_GLOBAL_ACCENT_COLOR_NAME = AccentColor;
				CODE_SIGN_STYLE = Automatic;
				CURRENT_PROJECT_VERSION = 1;
				DEVELOPMENT_TEAM = BBNB69K57G;
				GENERATE_INFOPLIST_FILE = YES;
				INFOPLIST_FILE = Weatherly/Resources/Info.plist;
				INFOPLIST_KEY_UIApplicationSupportsIndirectInputEvents = YES;
				INFOPLIST_KEY_UILaunchStoryboardName = LaunchScreen;
				INFOPLIST_KEY_UIMainStoryboardFile = Main;
				INFOPLIST_KEY_UISupportedInterfaceOrientations_iPad = "UIInterfaceOrientationPortrait UIInterfaceOrientationPortraitUpsideDown UIInterfaceOrientationLandscapeLeft UIInterfaceOrientationLandscapeRight";
				INFOPLIST_KEY_UISupportedInterfaceOrientations_iPhone = "UIInterfaceOrientationPortrait UIInterfaceOrientationLandscapeLeft UIInterfaceOrientationLandscapeRight";
				LD_RUNPATH_SEARCH_PATHS = (
					"$(inherited)",
					"@executable_path/Frameworks",
				);
				MARKETING_VERSION = 1.0;
				PRODUCT_BUNDLE_IDENTIFIER = com.codepath.Weatherly;
				PRODUCT_NAME = "$(TARGET_NAME)";
				SWIFT_EMIT_LOC_STRINGS = YES;
				SWIFT_VERSION = 5.0;
				TARGETED_DEVICE_FAMILY = "1,2";
			};
			name = Debug;
		};
		849CC39B28605E0E00697534 /* Release */ = {
			isa = XCBuildConfiguration;
			buildSettings = {
				ASSETCATALOG_COMPILER_APPICON_NAME = AppIcon;
				ASSETCATALOG_COMPILER_GLOBAL_ACCENT_COLOR_NAME = AccentColor;
				CODE_SIGN_STYLE = Automatic;
				CURRENT_PROJECT_VERSION = 1;
				DEVELOPMENT_TEAM = BBNB69K57G;
				GENERATE_INFOPLIST_FILE = YES;
				INFOPLIST_FILE = Weatherly/Resources/Info.plist;
				INFOPLIST_KEY_UIApplicationSupportsIndirectInputEvents = YES;
				INFOPLIST_KEY_UILaunchStoryboardName = LaunchScreen;
				INFOPLIST_KEY_UIMainStoryboardFile = Main;
				INFOPLIST_KEY_UISupportedInterfaceOrientations_iPad = "UIInterfaceOrientationPortrait UIInterfaceOrientationPortraitUpsideDown UIInterfaceOrientationLandscapeLeft UIInterfaceOrientationLandscapeRight";
				INFOPLIST_KEY_UISupportedInterfaceOrientations_iPhone = "UIInterfaceOrientationPortrait UIInterfaceOrientationLandscapeLeft UIInterfaceOrientationLandscapeRight";
				LD_RUNPATH_SEARCH_PATHS = (
					"$(inherited)",
					"@executable_path/Frameworks",
				);
				MARKETING_VERSION = 1.0;
				PRODUCT_BUNDLE_IDENTIFIER = com.codepath.Weatherly;
				PRODUCT_NAME = "$(TARGET_NAME)";
				SWIFT_EMIT_LOC_STRINGS = YES;
				SWIFT_VERSION = 5.0;
				TARGETED_DEVICE_FAMILY = "1,2";
			};
			name = Release;
		};
/* End XCBuildConfiguration section */

/* Begin XCConfigurationList section */
		849CC38028605E0400697534 /* Build configuration list for PBXProject "Weatherly" */ = {
			isa = XCConfigurationList;
			buildConfigurations = (
				849CC39728605E0E00697534 /* Debug */,
				849CC39828605E0E00697534 /* Release */,
			);
			defaultConfigurationIsVisible = 0;
			defaultConfigurationName = Release;
		};
		849CC39928605E0E00697534 /* Build configuration list for PBXNativeTarget "Weatherly" */ = {
			isa = XCConfigurationList;
			buildConfigurations = (
				849CC39A28605E0E00697534 /* Debug */,
				849CC39B28605E0E00697534 /* Release */,
			);
			defaultConfigurationIsVisible = 0;
			defaultConfigurationName = Release;
		};
/* End XCConfigurationList section */

/* Begin XCRemoteSwiftPackageReference section */
		655BD2E5287C63210033EE5F /* XCRemoteSwiftPackageReference "lottie-ios" */ = {
			isa = XCRemoteSwiftPackageReference;
			repositoryURL = "https://github.com/airbnb/lottie-ios.git";
			requirement = {
				kind = upToNextMajorVersion;
				minimumVersion = 3.0.0;
			};
		};
		655BD2EE2880172B0033EE5F /* XCRemoteSwiftPackageReference "Nuke" */ = {
			isa = XCRemoteSwiftPackageReference;
			repositoryURL = "https://github.com/kean/Nuke.git";
			requirement = {
				kind = upToNextMajorVersion;
				minimumVersion = 9.0.0;
			};
		};
/* End XCRemoteSwiftPackageReference section */

/* Begin XCSwiftPackageProductDependency section */
		655BD2E6287C63210033EE5F /* Lottie */ = {
			isa = XCSwiftPackageProductDependency;
			package = 655BD2E5287C63210033EE5F /* XCRemoteSwiftPackageReference "lottie-ios" */;
			productName = Lottie;
		};
		655BD2EF2880172B0033EE5F /* Nuke */ = {
			isa = XCSwiftPackageProductDependency;
			package = 655BD2EE2880172B0033EE5F /* XCRemoteSwiftPackageReference "Nuke" */;
			productName = Nuke;
		};
/* End XCSwiftPackageProductDependency section */
	};
	rootObject = 849CC37D28605E0400697534 /* Project object */;
}
